{
  "version": 4,
  "terraform_version": "1.15.4",
  "serial": 8,
  "lineage": "53d53011-7909-b887-0a45-99d096e09828",
  "outputs": {
    "ssh_command": {
      "value": "ssh -i \"$env:USERPROFILE\\.ssh\\hetzner_pvn\" root@87.99.155.241",
      "type": "string"
    },
    "storm_map_firewall_id": {
      "value": "11117038",
      "type": "string"
    },
    "storm_map_network_id": {
      "value": "12318585",
      "type": "string"
    },
    "storm_map_private_ipv4": {
      "value": "10.30.1.10",
      "type": "string"
    },
    "storm_map_public_ipv4": {
      "value": "87.99.155.241",
      "type": "string"
    },
    "storm_map_server_id": {
      "value": "139233658",
      "type": "string"
    }
  },
  "resources": [
    {
      "mode": "data",
      "type": "hcloud_ssh_key",
      "name": "jimmy",
      "provider": "provider[\"registry.terraform.io/hetznercloud/hcloud\"]",
      "instances": [
        {
          "schema_version": 0,
          "attributes": {
            "fingerprint": "1f:44:7e:44:52:79:b8:e2:77:a6:43:9f:24:19:93:c3",
            "id": 113470238,
            "labels": {},
            "name": "jimmy-main-laptop",
            "public_key": "ssh-ed25519 AAAAC3NzaC1lZDI1NTE5AAAAIA08C6EvDjFfOuo02v3k3NcfvQi17EJnO7521p1+mJLv jimmy@leadzer.io",
            "selector": null,
            "with_selector": null
          },
          "sensitive_attributes": [],
          "identity_schema_version": 0
        }
      ]
    },
    {
      "mode": "managed",
      "type": "hcloud_firewall",
      "name": "web",
      "provider": "provider[\"registry.terraform.io/hetznercloud/hcloud\"]",
      "instances": [
        {
          "schema_version": 0,
          "attributes": {
            "apply_to": [],
            "id": "11117038",
            "labels": {},
            "name": "fw-storm-map-web",
            "rule": [
              {
                "description": "",
                "destination_ips": [],
                "direction": "in",
                "port": "22",
                "protocol": "tcp",
                "source_ips": [
                  "0.0.0.0/0",
                  "::/0"
                ]
              },
              {
                "description": "",
                "destination_ips": [],
                "direction": "in",
                "port": "443",
                "protocol": "tcp",
                "source_ips": [
                  "0.0.0.0/0",
                  "::/0"
                ]
              },
              {
                "description": "",
                "destination_ips": [],
                "direction": "in",
                "port": "80",
                "protocol": "tcp",
                "source_ips": [
                  "0.0.0.0/0",
                  "::/0"
                ]
              },
              {
                "description": "",
                "destination_ips": [],
                "direction": "in",
                "port": "8000",
                "protocol": "tcp",
                "source_ips": [
                  "0.0.0.0/0",
                  "::/0"
                ]
              }
            ]
          },
          "sensitive_attributes": [],
          "identity_schema_version": 0,
          "private": "bnVsbA=="
        }
      ]
    },
    {
      "mode": "managed",
      "type": "hcloud_network",
      "name": "private",
      "provider": "provider[\"registry.terraform.io/hetznercloud/hcloud\"]",
      "instances": [
        {
          "schema_version": 0,
          "attributes": {
            "delete_protection": false,
            "expose_routes_to_vswitch": false,
            "id": "12318585",
            "ip_range": "10.30.0.0/16",
            "labels": {},
            "name": "storm-map-private"
          },
          "sensitive_attributes": [],
          "identity_schema_version": 0,
          "private": "bnVsbA=="
        }
      ]
    },
    {
      "mode": "managed",
      "type": "hcloud_network_subnet",
      "name": "subnet",
      "provider": "provider[\"registry.terraform.io/hetznercloud/hcloud\"]",
      "instances": [
        {
          "schema_version": 0,
          "attributes": {
            "gateway": "10.30.0.1",
            "id": "12318585-10.30.1.0/24",
            "ip_range": "10.30.1.0/24",
            "network_id": 12318585,
            "network_zone": "us-east",
            "type": "cloud",
            "vswitch_id": null
          },
          "sensitive_attributes": [],
          "identity_schema_version": 0,
          "private": "bnVsbA==",
          "dependencies": [
            "hcloud_network.private"
          ]
        }
      ]
    },
    {
      "mode": "managed",
      "type": "hcloud_server",
      "name": "web",
      "provider": "provider[\"registry.terraform.io/hetznercloud/hcloud\"]",
      "instances": [
        {
          "schema_version": 0,
          "attributes": {
            "allow_deprecated_images": null,
            "backup_window": "",
            "backups": false,
            "datacenter": "ash-dc1",
            "delete_protection": false,
            "firewall_ids": [
              11117038
            ],
            "id": "139233658",
            "ignore_remote_firewall_ids": false,
            "image": "ubuntu-24.04",
            "ipv4_address": "87.99.155.241",
            "ipv6_address": "2a01:4ff:f4:1cfd::1",
            "ipv6_network": "2a01:4ff:f4:1cfd::/64",
            "iso": null,
            "keep_disk": false,
            "labels": {
              "app": "storm-map",
              "env": "production",
              "owner": "jimmy",
              "role": "web"
            },
            "location": "ash",
            "name": "storm-map-web-01",
            "network": [],
            "placement_group_id": 0,
            "primary_disk_size": 160,
            "public_net": [],
            "rebuild_protection": false,
            "rescue": null,
            "server_type": "cpx31",
            "shutdown_before_deletion": false,
            "ssh_keys": [
              "113470238"
            ],
            "status": "running",
            "timeouts": null,
            "user_data": null
          },
          "sensitive_attributes": [],
          "identity_schema_version": 0,
          "private": "eyJlMmJmYjczMC1lY2FhLTExZTYtOGY4OC0zNDM2M2JjN2M0YzAiOnsiY3JlYXRlIjo1NDAwMDAwMDAwMDAwfX0=",
          "dependencies": [
            "data.hcloud_ssh_key.jimmy",
            "hcloud_firewall.web"
          ]
        }
      ]
    },
    {
      "mode": "managed",
      "type": "hcloud_server_network",
      "name": "web_network",
      "provider": "provider[\"registry.terraform.io/hetznercloud/hcloud\"]",
      "instances": [
        {
          "schema_version": 0,
          "attributes": {
            "alias_ips": [],
            "id": "139233658-12318585",
            "ip": "10.30.1.10",
            "mac_address": "86:00:00:51:bc:e1",
            "network_id": 12318585,
            "server_id": 139233658,
            "subnet_id": "12318585-10.30.1.0/24"
          },
          "sensitive_attributes": [],
          "identity_schema_version": 0,
          "dependencies": [
            "data.hcloud_ssh_key.jimmy",
            "hcloud_firewall.web",
            "hcloud_network.private",
            "hcloud_network_subnet.subnet",
            "hcloud_server.web"
          ]
        }
      ]
    }
  ],
  "check_results": null
}
