{
  "version": 4,
  "terraform_version": "1.15.4",
  "serial": 5,
  "lineage": "53d53011-7909-b887-0a45-99d096e09828",
  "outputs": {
    "storm_map_firewall_id": {
      "value": "11117038",
      "type": "string"
    },
    "storm_map_network_id": {
      "value": "12318585",
      "type": "string"
    },
    "storm_map_private_ipv4": {
      "value": "10.30.1.10",
      "type": "string"
    }
  },
  "resources": [
    {
      "mode": "managed",
      "type": "hcloud_firewall",
      "name": "web",
      "provider": "provider[\"registry.terraform.io/hetznercloud/hcloud\"]",
      "instances": [
        {
          "schema_version": 0,
          "attributes": {
            "apply_to": [],
            "id": "11117038",
            "labels": {},
            "name": "fw-storm-map-web",
            "rule": [
              {
                "description": "",
                "destination_ips": [],
                "direction": "in",
                "port": "22",
                "protocol": "tcp",
                "source_ips": [
                  "0.0.0.0/0",
                  "::/0"
                ]
              },
              {
                "description": "",
                "destination_ips": [],
                "direction": "in",
                "port": "443",
                "protocol": "tcp",
                "source_ips": [
                  "0.0.0.0/0",
                  "::/0"
                ]
              },
              {
                "description": "",
                "destination_ips": [],
                "direction": "in",
                "port": "80",
                "protocol": "tcp",
                "source_ips": [
                  "0.0.0.0/0",
                  "::/0"
                ]
              },
              {
                "description": "",
                "destination_ips": [],
                "direction": "in",
                "port": "8000",
                "protocol": "tcp",
                "source_ips": [
                  "0.0.0.0/0",
                  "::/0"
                ]
              }
            ]
          },
          "sensitive_attributes": [],
          "identity_schema_version": 0,
          "private": "bnVsbA=="
        }
      ]
    },
    {
      "mode": "managed",
      "type": "hcloud_network",
      "name": "private",
      "provider": "provider[\"registry.terraform.io/hetznercloud/hcloud\"]",
      "instances": [
        {
          "schema_version": 0,
          "attributes": {
            "delete_protection": false,
            "expose_routes_to_vswitch": false,
            "id": "12318585",
            "ip_range": "10.30.0.0/16",
            "labels": null,
            "name": "storm-map-private"
          },
          "sensitive_attributes": [],
          "identity_schema_version": 0,
          "private": "bnVsbA=="
        }
      ]
    },
    {
      "mode": "managed",
      "type": "hcloud_network_subnet",
      "name": "subnet",
      "provider": "provider[\"registry.terraform.io/hetznercloud/hcloud\"]",
      "instances": [
        {
          "schema_version": 0,
          "attributes": {
            "gateway": "10.30.0.1",
            "id": "12318585-10.30.1.0/24",
            "ip_range": "10.30.1.0/24",
            "network_id": 12318585,
            "network_zone": "us-east",
            "type": "cloud",
            "vswitch_id": null
          },
          "sensitive_attributes": [],
          "identity_schema_version": 0,
          "private": "bnVsbA==",
          "dependencies": [
            "hcloud_network.private"
          ]
        }
      ]
    }
  ],
  "check_results": null
}
